
Microsoft Visual Studio Solution File, Format Version 12.00
Project("{FAE04EC0-301F-11D3-BF4B-00C04F79EFBC}") = "CabaVS.LoveBowl.Domain", "src\CabaVS.LoveBowl.Domain\CabaVS.LoveBowl.Domain.csproj", "{97B78D88-5554-47BE-8EEE-B36B57DDEB80}"
EndProject
Project("{2150E333-8FDC-42A3-9474-1A3956D46DE8}") = "src", "src", "{0C6BC7F9-8D6B-4253-B7BC-53499B379670}"
EndProject
Project("{FAE04EC0-301F-11D3-BF4B-00C04F79EFBC}") = "CabaVS.LoveBowl.Application", "src\CabaVS.LoveBowl.Application\CabaVS.LoveBowl.Application.csproj", "{EC0380ED-D54C-40E8-BF78-0BD8C5E5ABF1}"
EndProject
Project("{FAE04EC0-301F-11D3-BF4B-00C04F79EFBC}") = "CabaVS.LoveBowl.Infrastructure", "src\CabaVS.LoveBowl.Infrastructure\CabaVS.LoveBowl.Infrastructure.csproj", "{30C8C04B-D0FC-42E3-99BD-CE3B9AD7A368}"
EndProject
Project("{FAE04EC0-301F-11D3-BF4B-00C04F79EFBC}") = "CabaVS.LoveBowl.Presentation", "src\CabaVS.LoveBowl.Presentation\CabaVS.LoveBowl.Presentation.csproj", "{171424DE-86AA-4304-AFC0-C3BAA83E6821}"
EndProject
Project("{FAE04EC0-301F-11D3-BF4B-00C04F79EFBC}") = "CabaVS.LoveBowl.WebApi", "src\CabaVS.LoveBowl.WebApi\CabaVS.LoveBowl.WebApi.csproj", "{D15A48CE-1BED-4348-BB7B-74198E0216E4}"
EndProject
Project("{2150E333-8FDC-42A3-9474-1A3956D46DE8}") = "Solution Items", "Solution Items", "{55C390A5-9632-458B-9B64-8F0BD7B6866B}"
	ProjectSection(SolutionItems) = preProject
		.gitignore = .gitignore
	EndProjectSection
EndProject
Global
	GlobalSection(SolutionConfigurationPlatforms) = preSolution
		Debug|Any CPU = Debug|Any CPU
		Release|Any CPU = Release|Any CPU
	EndGlobalSection
	GlobalSection(ProjectConfigurationPlatforms) = postSolution
		{97B78D88-5554-47BE-8EEE-B36B57DDEB80}.Debug|Any CPU.ActiveCfg = Debug|Any CPU
		{97B78D88-5554-47BE-8EEE-B36B57DDEB80}.Debug|Any CPU.Build.0 = Debug|Any CPU
		{97B78D88-5554-47BE-8EEE-B36B57DDEB80}.Release|Any CPU.ActiveCfg = Release|Any CPU
		{97B78D88-5554-47BE-8EEE-B36B57DDEB80}.Release|Any CPU.Build.0 = Release|Any CPU
		{EC0380ED-D54C-40E8-BF78-0BD8C5E5ABF1}.Debug|Any CPU.ActiveCfg = Debug|Any CPU
		{EC0380ED-D54C-40E8-BF78-0BD8C5E5ABF1}.Debug|Any CPU.Build.0 = Debug|Any CPU
		{EC0380ED-D54C-40E8-BF78-0BD8C5E5ABF1}.Release|Any CPU.ActiveCfg = Release|Any CPU
		{EC0380ED-D54C-40E8-BF78-0BD8C5E5ABF1}.Release|Any CPU.Build.0 = Release|Any CPU
		{30C8C04B-D0FC-42E3-99BD-CE3B9AD7A368}.Debug|Any CPU.ActiveCfg = Debug|Any CPU
		{30C8C04B-D0FC-42E3-99BD-CE3B9AD7A368}.Debug|Any CPU.Build.0 = Debug|Any CPU
		{30C8C04B-D0FC-42E3-99BD-CE3B9AD7A368}.Release|Any CPU.ActiveCfg = Release|Any CPU
		{30C8C04B-D0FC-42E3-99BD-CE3B9AD7A368}.Release|Any CPU.Build.0 = Release|Any CPU
		{171424DE-86AA-4304-AFC0-C3BAA83E6821}.Debug|Any CPU.ActiveCfg = Debug|Any CPU
		{171424DE-86AA-4304-AFC0-C3BAA83E6821}.Debug|Any CPU.Build.0 = Debug|Any CPU
		{171424DE-86AA-4304-AFC0-C3BAA83E6821}.Release|Any CPU.ActiveCfg = Release|Any CPU
		{171424DE-86AA-4304-AFC0-C3BAA83E6821}.Release|Any CPU.Build.0 = Release|Any CPU
		{D15A48CE-1BED-4348-BB7B-74198E0216E4}.Debug|Any CPU.ActiveCfg = Debug|Any CPU
		{D15A48CE-1BED-4348-BB7B-74198E0216E4}.Debug|Any CPU.Build.0 = Debug|Any CPU
		{D15A48CE-1BED-4348-BB7B-74198E0216E4}.Release|Any CPU.ActiveCfg = Release|Any CPU
		{D15A48CE-1BED-4348-BB7B-74198E0216E4}.Release|Any CPU.Build.0 = Release|Any CPU
	EndGlobalSection
	GlobalSection(NestedProjects) = preSolution
		{97B78D88-5554-47BE-8EEE-B36B57DDEB80} = {0C6BC7F9-8D6B-4253-B7BC-53499B379670}
		{EC0380ED-D54C-40E8-BF78-0BD8C5E5ABF1} = {0C6BC7F9-8D6B-4253-B7BC-53499B379670}
		{30C8C04B-D0FC-42E3-99BD-CE3B9AD7A368} = {0C6BC7F9-8D6B-4253-B7BC-53499B379670}
		{171424DE-86AA-4304-AFC0-C3BAA83E6821} = {0C6BC7F9-8D6B-4253-B7BC-53499B379670}
		{D15A48CE-1BED-4348-BB7B-74198E0216E4} = {0C6BC7F9-8D6B-4253-B7BC-53499B379670}
	EndGlobalSection
EndGlobal
